
Microsoft Visual Studio Solution File, Format Version 12.00
# Visual Studio Version 16
VisualStudioVersion = 16.0.30717.126
MinimumVisualStudioVersion = 10.0.40219.1
Project("{FAE04EC0-301F-11D3-BF4B-00C04F79EFBC}") = "CyberCity", "CyberCity.csproj", "{AE4BEB3C-EA19-421D-911A-7B3AF2C5D8C0}"
EndProject
Global
	GlobalSection(SolutionConfigurationPlatforms) = preSolution
		Debug|Any CPU = Debug|Any CPU
		Release|Any CPU = Release|Any CPU
	EndGlobalSection
	GlobalSection(ProjectConfigurationPlatforms) = postSolution
		{AE4BEB3C-EA19-421D-911A-7B3AF2C5D8C0}.Debug|Any CPU.ActiveCfg = Debug|Any CPU
		{AE4BEB3C-EA19-421D-911A-7B3AF2C5D8C0}.Debug|Any CPU.Build.0 = Debug|Any CPU
		{AE4BEB3C-EA19-421D-911A-7B3AF2C5D8C0}.Release|Any CPU.ActiveCfg = Release|Any CPU
		{AE4BEB3C-EA19-421D-911A-7B3AF2C5D8C0}.Release|Any CPU.Build.0 = Release|Any CPU
	EndGlobalSection
	GlobalSection(SolutionProperties) = preSolution
		HideSolutionNode = FALSE
	EndGlobalSection
	GlobalSection(ExtensibilityGlobals) = postSolution
		SolutionGuid = {033B13E9-546F-44F1-9C18-61FCF56A3861}
	EndGlobalSection
EndGlobal
